schema: '2.0'
stages:
  volunteers:
    cmd: papermill --no-log-output volunteers.ipynb output/volunteers.ipynb
    deps:
    - path: ../data/published/volunteers/checkpoints.csv
      hash: md5
      md5: 81d810b10138e6296685c723285a8712
      size: 27685
    - path: ../data/published/volunteers/shifts.csv
      hash: md5
      md5: 588d8e4fc9b4a069648a3386f9234733
      size: 87183
    - path: volunteers.ipynb
      hash: md5
      md5: 70c6b4d3c65e95310526a87f22902bfa
      size: 11464
    outs:
    - path: ../src/themes/volunteers/_data/people/by_demographic_age_range.csv
      hash: md5
      md5: c7bf15f2342be6a378ce484527c28c91
      size: 196
    - path: ../src/themes/volunteers/_data/people/by_geo_TOTAL.csv
      hash: md5
      md5: 55580b3dbc06fe90d69c2f159d09a648
      size: 54
    - path: ../src/themes/volunteers/_data/people/by_geo_oslaua.csv
      hash: md5
      md5: 894053e50368eb12ea89f3d7b03f4f0a
      size: 1313
    - path: ../src/themes/volunteers/_data/people/by_geo_osward.csv
      hash: md5
      md5: ec269e2a893674384f6248a6a626383a
      size: 648
    - path: ../src/themes/volunteers/_data/people/by_geo_postcode_area.csv
      hash: md5
      md5: b41f52686170dd6d644678f70ab5dee4
      size: 493
    - path: ../src/themes/volunteers/_data/people/checkpoints_weekly.csv
      hash: md5
      md5: ed8ddf9cb1f0d900d1c526a2f9d35878
      size: 1624
    - path: ../src/themes/volunteers/_data/shifts/attended_by_week.csv
      hash: md5
      md5: 8c0235b14ed4e101ac053879b4388f22
      size: 1174
    - path: 
        ../src/themes/volunteers/_data/shifts/attended_cumulative_by_week.csv
      hash: md5
      md5: efe5a2dd2e331e11ea4f2cc8dcd52dec
      size: 1419
    - path: ../src/themes/volunteers/_data/shifts/hours_by_week.csv
      hash: md5
      md5: 6c39f1bb76a1691af8ce503a6b906481
      size: 1717
    - path: ../src/themes/volunteers/_data/shifts/hours_cumulative_by_week.csv
      hash: md5
      md5: a972870cc7b6ed2ad5d36e20c6942247
      size: 2100
    - path: ../src/themes/volunteers/_data/summary.json
      hash: md5
      md5: b36b44b8f667d4f3452303071f54b4d8
      size: 489
  ticketing:
    cmd: papermill --no-log-output ticketing.ipynb output/ticketing.ipynb
    deps:
    - path: ../data/published/ticketing/orders.csv
      hash: md5
      md5: aed24a252cc9b930af9e65b327c362e5
      size: 4826
    - path: ../data/published/ticketing/tickets.csv
      hash: md5
      md5: 3c531c483daf78b87bb46dddd86cde31
      size: 4619073
    - path: ticketing.ipynb
      hash: md5
      md5: 9f8f448a8757c15a5ed3a2a9beb5dc26
      size: 23545
    outs:
    - path: ../src/themes/ticketing/_data/operational
      hash: md5
      md5: 93c2d4030b4a65e14a3fe10c34fee64d.dir
      size: 12090
      nfiles: 7
  huq:
    cmd: papermill --no-log-output huq.ipynb output/huq.ipynb
    deps:
    - path: ../data/huq/mastercard.csv
      hash: md5
      md5: 3353b26bfb7477f416094651a1430b93
      size: 10747
    - path: huq.ipynb
      hash: md5
      md5: eecff663457e8fc6b5b3a2712cc79b4c
      size: 2506
    outs:
    - path: ../src/experiments/huq/_data/footfall_proxy.csv
      hash: md5
      md5: 897df6583ce34c190494dd084f4c6117
      size: 1008
    - path: ../src/experiments/huq/_data/spend_index.csv
      hash: md5
      md5: ab19af12c8da80b808fca4aa81d6bd9b
      size: 1006
  events@rise:
    cmd: papermill --no-log-output events.ipynb output/events.ipynb -p 
      spektrix_event_ids '4801ANHPDLLRCQPPBDBQTRQJMPNKSLKPJ' -p venue_postcode 
      'BD1 1LA' -p rosterfy_event_ids '25890' -p project_ids 'recf4tPyjoXi81NDo'
      -p venue_ids '' -p slug 'rise'
    deps:
    - path: ../data/published/
      hash: md5
      md5: f3ea94f45d89c4fac7d984f1f7d906e8.dir
      size: 7019923
      nfiles: 20
    - path: ../data/published/ticketing/
      hash: md5
      md5: 478b97909c8a52c82615df6d2a9e9f37.dir
      size: 4993951
      nfiles: 3
    - path: events.ipynb
      hash: md5
      md5: 9c2c14dcb9c41b60b3146a76bccd7b17
      size: 4803
    outs:
    - path: ../src/events/rise/_data/event/
      hash: md5
      md5: 64dfeee7ca0afda2e4538ab1f68e1092.dir
      size: 19184
      nfiles: 8
  events@la-haine:
    cmd: papermill --no-log-output events.ipynb output/events.ipynb -p 
      spektrix_event_ids '4001APBPRCSHVVMHTCBMSPSJRNDMCHHLV' -p venue_postcode 
      'BD1 1JT' -p rosterfy_event_ids '26307' -p project_ids 'recYvLfpThEXGXcmn'
      -p venue_ids '' -p slug 'la-haine'
    deps:
    - path: ../data/published/
      hash: md5
      md5: f3ea94f45d89c4fac7d984f1f7d906e8.dir
      size: 7019923
      nfiles: 20
    - path: ../data/published/ticketing/
      hash: md5
      md5: 478b97909c8a52c82615df6d2a9e9f37.dir
      size: 4993951
      nfiles: 3
    - path: events.ipynb
      hash: md5
      md5: 9c2c14dcb9c41b60b3146a76bccd7b17
      size: 4803
    outs:
    - path: ../src/events/la-haine/_data/event/
      hash: md5
      md5: 32e58084dbc71fa4e28811ac167c3c43.dir
      size: 7503
      nfiles: 8
  events@les-girafes:
    cmd: papermill --no-log-output events.ipynb output/events.ipynb -p 
      spektrix_event_ids 'recu2QievPdxr1dnH' -p venue_postcode 'BD1 1LA' -p 
      rosterfy_event_ids '24438' -p project_ids 'recu2QievPdxr1dnH' -p venue_ids
      '' -p slug 'les-girafes'
    deps:
    - path: ../data/published/
      hash: md5
      md5: f3ea94f45d89c4fac7d984f1f7d906e8.dir
      size: 7019923
      nfiles: 20
    - path: ../data/published/ticketing/
      hash: md5
      md5: 478b97909c8a52c82615df6d2a9e9f37.dir
      size: 4993951
      nfiles: 3
    - path: events.ipynb
      hash: md5
      md5: 9c2c14dcb9c41b60b3146a76bccd7b17
      size: 4803
    outs:
    - path: ../src/events/les-girafes/_data/event/
      hash: md5
      md5: a2247027c739b2f28322116f463f6969.dir
      size: 2073
      nfiles: 8
  sustainability:
    cmd: jupyter execute sustainability.ipynb
    deps:
    - path: ../data/published/sustainability/calculations.csv
      hash: md5
      md5: 043257779852f0b6330129057b75a59f
      size: 60236
    - path: sustainability.ipynb
      hash: md5
      md5: 1bd13e187287e96b65faba4969e915bf
      size: 3364
    outs:
    - path: ../src/themes/sustainability/_data/calculations/
      hash: md5
      md5: 8bdd39435f4a595d97a9df4debccd8c4.dir
      size: 184
      nfiles: 2
  events@grue:
    cmd: papermill --no-log-output events.ipynb output/events.ipynb -p 
      spektrix_event_ids '7601AHCJPTHNBCVJHLQNKQVKDRKRMLTPC' -p venue_postcode 
      'None' -p rosterfy_event_ids '26540' -p project_ids 'recoJF8kMXHloBbjt' -p
      venue_ids '' -p slug 'grue'
    deps:
    - path: ../data/published/
      hash: md5
      md5: f3ea94f45d89c4fac7d984f1f7d906e8.dir
      size: 7019923
      nfiles: 20
    - path: ../data/published/ticketing/
      hash: md5
      md5: 478b97909c8a52c82615df6d2a9e9f37.dir
      size: 4993951
      nfiles: 3
    - path: events.ipynb
      hash: md5
      md5: 9c2c14dcb9c41b60b3146a76bccd7b17
      size: 4803
    outs:
    - path: ../src/events/grue/_data/event/
      hash: md5
      md5: b60c81c39f838d7691bb6263a541ff3a.dir
      size: 63573
      nfiles: 8
  dashboards@live:
    cmd: papermill --no-log-output dashboard.ipynb - -p target '' -p start 
      '2023-01-01' -p end '2025-12-31' -p fixed_date 'false'
    deps:
    - path: ../data/published/
      hash: md5
      md5: f3ea94f45d89c4fac7d984f1f7d906e8.dir
      size: 7019923
      nfiles: 20
    - path: dashboard.ipynb
      hash: md5
      md5: c52f343fef47dbdac9246ae86973e1fd
      size: 18786
    - path: utils/themes/programme.py
      hash: md5
      md5: 86a0da46c8e74cc5b67f7ab163a478c1
      size: 4431
    outs:
    - path: ../src/insights/dashboard//_data/audience.json
      hash: md5
      md5: a8be7cee550025f2b3b18e68e56911f1
      size: 16418
    - path: ../src/insights/dashboard//_data/events.json
      hash: md5
      md5: 941630522a67c6095458bed4e7664c1e
      size: 16145
    - path: ../src/insights/dashboard//_data/otherFigures.json
      hash: md5
      md5: b469e9ec28ac139e4f2a91048112ad1e
      size: 96
    - path: ../src/insights/dashboard//_data/participants.json
      hash: md5
      md5: 9c6b4c93c3aad950ef9a14c8b2847299
      size: 3751
    - path: ../src/insights/dashboard//_data/projects.json
      hash: md5
      md5: 2ed50a977c28fe614c5aca2b0fc6cc79
      size: 6151
    - path: ../src/insights/dashboard//_data/timestamp.json
      hash: md5
      md5: 864d44d0df9b6e331a8c7c858ce7b75a
      size: 69
  dashboards@q1:
    cmd: papermill --no-log-output dashboard.ipynb - -p target 'q1' -p start 
      '2025-01-01' -p end '2025-03-31' -p fixed_date 'true'
    deps:
    - path: ../data/published/
      hash: md5
      md5: f3ea94f45d89c4fac7d984f1f7d906e8.dir
      size: 7019923
      nfiles: 20
    - path: dashboard.ipynb
      hash: md5
      md5: c52f343fef47dbdac9246ae86973e1fd
      size: 18786
    - path: utils/themes/programme.py
      hash: md5
      md5: 86a0da46c8e74cc5b67f7ab163a478c1
      size: 4431
    outs:
    - path: ../src/insights/dashboard/q1/_data/audience.json
      hash: md5
      md5: 396e5bdb3e2df80a0719d1ec4d26e456
      size: 5702
    - path: ../src/insights/dashboard/q1/_data/events.json
      hash: md5
      md5: 22eaf259b71bb975318ac0952e3017bc
      size: 5073
    - path: ../src/insights/dashboard/q1/_data/otherFigures.json
      hash: md5
      md5: 99f3eb87889deaacd58d4e46f04acbce
      size: 95
    - path: ../src/insights/dashboard/q1/_data/participants.json
      hash: md5
      md5: f3a40eaf9cdb108a606aa0fc31a7f164
      size: 1505
    - path: ../src/insights/dashboard/q1/_data/projects.json
      hash: md5
      md5: fa9b118837e2ea64723cbb6508bcd34b
      size: 2002
    - path: ../src/insights/dashboard/q1/_data/timestamp.json
      hash: md5
      md5: 76c3c844e56efc2ca3462aa2830fa7ed
      size: 69
  events@dracula:
    cmd: papermill --no-log-output events.ipynb output/events.ipynb -p 
      spektrix_event_ids '9001AGHDBMPJDRPSRMKLRCJGBJJMTQGDH' -p venue_postcode 
      'None' -p rosterfy_event_ids 'None' -p project_ids 'recjdRJvjmX67plPM' -p 
      venue_ids '' -p slug 'dracula'
    deps:
    - path: ../data/published/
      hash: md5
      md5: f3ea94f45d89c4fac7d984f1f7d906e8.dir
      size: 7019923
      nfiles: 20
    - path: ../data/published/ticketing/
      hash: md5
      md5: 478b97909c8a52c82615df6d2a9e9f37.dir
      size: 4993951
      nfiles: 3
    - path: events.ipynb
      hash: md5
      md5: 9c2c14dcb9c41b60b3146a76bccd7b17
      size: 4803
    outs:
    - path: ../src/events/dracula/_data/event/
      hash: md5
      md5: e1ce20f3a9ee18c36cecd8489662d29f.dir
      size: 11817
      nfiles: 7
  dashboards@q2:
    cmd: papermill --no-log-output dashboard.ipynb - -p target 'q2' -p start 
      '2025-04-01' -p end '2025-06-30' -p fixed_date 'true'
    deps:
    - path: ../data/published/
      hash: md5
      md5: f3ea94f45d89c4fac7d984f1f7d906e8.dir
      size: 7019923
      nfiles: 20
    - path: dashboard.ipynb
      hash: md5
      md5: c52f343fef47dbdac9246ae86973e1fd
      size: 18786
    - path: utils/themes/programme.py
      hash: md5
      md5: 86a0da46c8e74cc5b67f7ab163a478c1
      size: 4431
    outs:
    - path: ../src/insights/dashboard/q2/_data/audience.json
      hash: md5
      md5: d4fa79e8b5daad438a922269dbe7924b
      size: 14340
    - path: ../src/insights/dashboard/q2/_data/events.json
      hash: md5
      md5: 992750d905c86151ef6ed64268299fe8
      size: 13778
    - path: ../src/insights/dashboard/q2/_data/otherFigures.json
      hash: md5
      md5: 200f1279120114e8c1fb87373e2827b1
      size: 58
    - path: ../src/insights/dashboard/q2/_data/participants.json
      hash: md5
      md5: fac51481a90c8b8033fa7b77670c280c
      size: 3056
    - path: ../src/insights/dashboard/q2/_data/projects.json
      hash: md5
      md5: a6c96bc3cf2650660516f2c4590666c3
      size: 5305
    - path: ../src/insights/dashboard/q2/_data/timestamp.json
      hash: md5
      md5: bb4bd1bdb2348a44d30ad405ce6bac1a
      size: 69
  dashboards@all:
    cmd: papermill --no-log-output dashboard.ipynb - -p target 'all' -p start 
      '2024-01-01' -p end '2025-12-31' -p fixed_date 'false'
    deps:
    - path: ../data/published/
      hash: md5
      md5: dc05e9a354ae88f5e7c1dd71facade62.dir
      size: 5373106
      nfiles: 16
    - path: dashboard.ipynb
      hash: md5
      md5: 3ec4e03ecce96ba1e2011e41d17a289f
      size: 14839
    outs:
    - path: ../src/insights/dashboard/all/_data/audience.json
      hash: md5
      md5: a07937d30d887991915b89e2da6b65c4
      size: 8843
    - path: ../src/insights/dashboard/all/_data/events.json
      hash: md5
      md5: fe5087b4ff73dea80eee7cebb0561f4f
      size: 17970
    - path: ../src/insights/dashboard/all/_data/participants.json
      hash: md5
      md5: 2cd8cf2c663d5dd967a34e74bb8ff3b5
      size: 4568
    - path: ../src/insights/dashboard/all/_data/timestamp.json
      hash: md5
      md5: d0d48510bbc806eca63d9ac475874f67
      size: 69
  programme:
    cmd: jupyter execute programme.ipynb
    deps:
    - path: ../data/published/combined/programme.parquet
      hash: md5
      md5: da800f53ca730c3e449db1f246c549d6
      size: 106196
    - path: ../data/published/programme/events.csv
      hash: md5
      md5: cf1aa47054f3d6af47ed2caa9dfe1252
      size: 816750
    - path: programme.ipynb
      hash: md5
      md5: 00372bc4e5b13e8927b9bf0aaebc7854
      size: 7636
    - path: utils/themes/programme.py
      hash: md5
      md5: 86a0da46c8e74cc5b67f7ab163a478c1
      size: 4431
    outs:
    - path: ../src/themes/programme/_data/events/
      hash: md5
      md5: 76c4cdbfcacac1d190462bfd02967c1b.dir
      size: 122078
      nfiles: 8
  events@loading-bay:
    cmd: papermill --no-log-output events.ipynb output/events.ipynb -p 
      spektrix_event_ids '' -p venue_postcode 'None' -p rosterfy_event_ids '' -p
      project_ids '' -p venue_ids 'rec4maUwKspPcDxNl recCTkADG9VERRhxt 
      recFYiOZvNnYDgbfk recInFDrcQ4KutUcL recIrQ1v64zKajXU1 recalzwrAJkBYOz8w' 
      -p slug 'loading-bay'
    deps:
    - path: ../data/published/
      hash: md5
      md5: f3ea94f45d89c4fac7d984f1f7d906e8.dir
      size: 7019923
      nfiles: 20
    - path: ../data/published/ticketing/
      hash: md5
      md5: 478b97909c8a52c82615df6d2a9e9f37.dir
      size: 4993951
      nfiles: 3
    - path: events.ipynb
      hash: md5
      md5: 9c2c14dcb9c41b60b3146a76bccd7b17
      size: 4803
    outs:
    - path: ../src/events/loading-bay/_data/event/
      hash: md5
      md5: cba823e3f05925ee13c3cb74ef98c914.dir
      size: 7710
      nfiles: 2
  events@beacon:
    cmd: papermill --no-log-output events.ipynb output/events.ipynb -p 
      spektrix_event_ids '' -p venue_postcode 'None' -p rosterfy_event_ids '' -p
      project_ids '' -p venue_ids 'recx817GdO7wmJDf6 rec7tn1K6r85N72yc 
      recea0GEE29eKCtxu recW1DV5uXWsrUShy' -p slug 'beacon'
    deps:
    - path: ../data/published/
      hash: md5
      md5: f3ea94f45d89c4fac7d984f1f7d906e8.dir
      size: 7019923
      nfiles: 20
    - path: ../data/published/ticketing/
      hash: md5
      md5: 478b97909c8a52c82615df6d2a9e9f37.dir
      size: 4993951
      nfiles: 3
    - path: events.ipynb
      hash: md5
      md5: 9c2c14dcb9c41b60b3146a76bccd7b17
      size: 4803
    outs:
    - path: ../src/events/beacon/_data/event/
      hash: md5
      md5: ca709ade29f9c1680eb3826f41f56dbb.dir
      size: 16749
      nfiles: 2
  events@the-bradford-progress:
    cmd: papermill --no-log-output events.ipynb output/events.ipynb -p 
      spektrix_event_ids '' -p venue_postcode 'None' -p rosterfy_event_ids 
      '29424' -p project_ids 'recSACUvnIn3yCW2S' -p venue_ids '' -p slug 
      'the-bradford-progress'
    deps:
    - path: ../data/published/
      hash: md5
      md5: f3ea94f45d89c4fac7d984f1f7d906e8.dir
      size: 7019923
      nfiles: 20
    - path: ../data/published/ticketing/
      hash: md5
      md5: 478b97909c8a52c82615df6d2a9e9f37.dir
      size: 4993951
      nfiles: 3
    - path: events.ipynb
      hash: md5
      md5: 9c2c14dcb9c41b60b3146a76bccd7b17
      size: 4803
    outs:
    - path: ../src/events/the-bradford-progress/_data/event/
      hash: md5
      md5: 22a9119d86310bcbf022d161566b96c6.dir
      size: 2261
      nfiles: 5
  events@woodland-tribe:
    cmd: papermill --no-log-output events.ipynb output/events.ipynb -p 
      spektrix_event_ids '13201ACQQNNPSNRJMNQRQRCSJCCGPQLHJ' -p venue_postcode 
      '' -p rosterfy_event_ids '' -p project_ids 'rec6linWPrAEi0gwr' -p 
      venue_ids '' -p slug 'woodland-tribe'
    deps:
    - path: ../data/published/
      hash: md5
      md5: f3ea94f45d89c4fac7d984f1f7d906e8.dir
      size: 7019923
      nfiles: 20
    - path: ../data/published/ticketing/
      hash: md5
      md5: 478b97909c8a52c82615df6d2a9e9f37.dir
      size: 4993951
      nfiles: 3
    - path: events.ipynb
      hash: md5
      md5: 9c2c14dcb9c41b60b3146a76bccd7b17
      size: 4803
    outs:
    - path: ../src/events/woodland-tribe/_data/event/
      hash: md5
      md5: 8e8c771752cc300c2cb77deadb39675b.dir
      size: 12066
      nfiles: 7
