schema: '2.0'
stages:
  volunteers:
    cmd: papermill --no-log-output volunteers.ipynb output/volunteers.ipynb
    deps:
    - path: ../data/published/volunteers/checkpoints.csv
      hash: md5
      md5: 9ac61d1b09054cd694f7b9b520eb986b
      size: 24390
    - path: ../data/published/volunteers/shifts.csv
      hash: md5
      md5: 88723d51b2b79579bb9a2d14c5794a0b
      size: 62757
    - path: volunteers.ipynb
      hash: md5
      md5: 70c6b4d3c65e95310526a87f22902bfa
      size: 11464
    outs:
    - path: ../src/themes/volunteers/_data/people/by_demographic_age_range.csv
      hash: md5
      md5: 30108d3123d12246b6c4674f40b3438b
      size: 196
    - path: ../src/themes/volunteers/_data/people/by_geo_TOTAL.csv
      hash: md5
      md5: d608b224e8742e8e3de343416ee800b3
      size: 54
    - path: ../src/themes/volunteers/_data/people/by_geo_oslaua.csv
      hash: md5
      md5: 354bfba51d7264343f0e06e614f1fc3c
      size: 1313
    - path: ../src/themes/volunteers/_data/people/by_geo_osward.csv
      hash: md5
      md5: a69e289132b852dfce864b03ee2ae156
      size: 648
    - path: ../src/themes/volunteers/_data/people/by_geo_postcode_area.csv
      hash: md5
      md5: e4a8e8841690dc85c62596a7f45298b3
      size: 493
    - path: ../src/themes/volunteers/_data/people/checkpoints_weekly.csv
      hash: md5
      md5: e208fbc7fe5cf671b263cd8d2c9c30b5
      size: 1415
    - path: ../src/themes/volunteers/_data/shifts/attended_by_week.csv
      hash: md5
      md5: 221d3a6fe1ad45c1f2de646ac4a7ec17
      size: 1025
    - path: ../src/themes/volunteers/_data/shifts/attended_cumulative_by_week.csv
      hash: md5
      md5: 8e1dd49873fd5d6756da6e4a60182123
      size: 1233
    - path: ../src/themes/volunteers/_data/shifts/hours_by_week.csv
      hash: md5
      md5: 74bc12ca89d94560ecefaea0ff78c21f
      size: 1487
    - path: ../src/themes/volunteers/_data/shifts/hours_cumulative_by_week.csv
      hash: md5
      md5: 93de4625dbbba774720dbf0781f0f677
      size: 1795
    - path: ../src/themes/volunteers/_data/summary.json
      hash: md5
      md5: 549884120ab56bf02a62068bde3b446e
      size: 478
  ticketing:
    cmd: papermill --no-log-output ticketing.ipynb output/ticketing.ipynb
    deps:
    - path: ../data/published/ticketing/orders.csv
      hash: md5
      md5: 5309ebe0cb9ca3d4d3e19d053bfc6d8e
      size: 4190
    - path: ../data/published/ticketing/tickets.csv
      hash: md5
      md5: a4785ea8e28ef7a193906b02327da829
      size: 3509654
    - path: ticketing.ipynb
      hash: md5
      md5: 18c8477182108f103e79a84b4f981d02
      size: 13341
    outs:
    - path: ../src/themes/ticketing/_data/operational
      hash: md5
      md5: 2b0960b2ec95c7c396580cddca0ce3ac.dir
      size: 10897
      nfiles: 7
  huq:
    cmd: papermill --no-log-output huq.ipynb output/huq.ipynb
    deps:
    - path: ../data/huq/mastercard.csv
      hash: md5
      md5: 3353b26bfb7477f416094651a1430b93
      size: 10747
    - path: huq.ipynb
      hash: md5
      md5: eecff663457e8fc6b5b3a2712cc79b4c
      size: 2506
    outs:
    - path: ../src/experiments/huq/_data/footfall_proxy.csv
      hash: md5
      md5: 897df6583ce34c190494dd084f4c6117
      size: 1008
    - path: ../src/experiments/huq/_data/spend_index.csv
      hash: md5
      md5: ab19af12c8da80b808fca4aa81d6bd9b
      size: 1006
  events@rise:
    cmd: papermill --no-log-output events.ipynb output/events.ipynb -p spektrix_event_ids
      '4801ANHPDLLRCQPPBDBQTRQJMPNKSLKPJ' -p venue_postcode 'BD1 1LA' -p rosterfy_event_ids
      '25890' -p project_ids 'recf4tPyjoXi81NDo' -p venue_ids '' -p id 'rise'
    deps:
    - path: ../data/published/ticketing/
      hash: md5
      md5: 003b9b58a6bc0833fc1ba26370bbfac7.dir
      size: 3691525
      nfiles: 3
    - path: events.ipynb
      hash: md5
      md5: f7bd8ae3cb9d18e32937c7e06ba7dc42
      size: 3591
    outs:
    - path: ../src/events/rise/_data/event/
      hash: md5
      md5: 3cee6af22db6126844b1568f745997f8.dir
      size: 17867
      nfiles: 7
  events@la-haine:
    cmd: papermill --no-log-output events.ipynb output/events.ipynb -p spektrix_event_ids
      '4001APBPRCSHVVMHTCBMSPSJRNDMCHHLV' -p venue_postcode 'BD1 1JT' -p rosterfy_event_ids
      '26307' -p project_ids 'recYvLfpThEXGXcmn' -p venue_ids '' -p id 'la-haine'
    deps:
    - path: ../data/published/ticketing/
      hash: md5
      md5: 003b9b58a6bc0833fc1ba26370bbfac7.dir
      size: 3691525
      nfiles: 3
    - path: events.ipynb
      hash: md5
      md5: f7bd8ae3cb9d18e32937c7e06ba7dc42
      size: 3591
    outs:
    - path: ../src/events/la-haine/_data/event/
      hash: md5
      md5: 05467eecd7081ad2c0ff14950078aef2.dir
      size: 7182
      nfiles: 7
  events@les-girafes:
    cmd: papermill --no-log-output events.ipynb output/events.ipynb -p spektrix_event_ids
      'recu2QievPdxr1dnH' -p venue_postcode 'BD1 1LA' -p rosterfy_event_ids '24438'
      -p project_ids 'recu2QievPdxr1dnH' -p venue_ids '' -p id 'les-girafes'
    deps:
    - path: ../data/published/ticketing/
      hash: md5
      md5: 003b9b58a6bc0833fc1ba26370bbfac7.dir
      size: 3691525
      nfiles: 3
    - path: events.ipynb
      hash: md5
      md5: f7bd8ae3cb9d18e32937c7e06ba7dc42
      size: 3591
    outs:
    - path: ../src/events/les-girafes/_data/event/
      hash: md5
      md5: ff58b3ff5377f55ac73e63a527c0c7aa.dir
      size: 919
      nfiles: 7
  sustainability:
    cmd: jupyter execute sustainability.ipynb
    deps:
    - path: ../data/published/sustainability/calculations.csv
      hash: md5
      md5: 7b579c3c3f5876f0f7acd88364bcb07e
      size: 46284
    - path: sustainability.ipynb
      hash: md5
      md5: 1bd13e187287e96b65faba4969e915bf
      size: 3364
    outs:
    - path: ../src/themes/sustainability/_data/calculations/
      hash: md5
      md5: 30db81d202fb6a6d82e76b02f174f88c.dir
      size: 175
      nfiles: 2
  events@grue:
    cmd: papermill --no-log-output events.ipynb output/events.ipynb -p spektrix_event_ids
      '7601AHCJPTHNBCVJHLQNKQVKDRKRMLTPC' -p venue_postcode 'None' -p rosterfy_event_ids
      '26540' -p project_ids 'recoJF8kMXHloBbjt' -p venue_ids '' -p id 'grue'
    deps:
    - path: ../data/published/ticketing/
      hash: md5
      md5: 003b9b58a6bc0833fc1ba26370bbfac7.dir
      size: 3691525
      nfiles: 3
    - path: events.ipynb
      hash: md5
      md5: f7bd8ae3cb9d18e32937c7e06ba7dc42
      size: 3591
    outs:
    - path: ../src/events/grue/_data/event/
      hash: md5
      md5: 57d3cc8362c620dc952119ee4644fba5.dir
      size: 60758
      nfiles: 7
  dashboards@live:
    cmd: papermill --no-log-output dashboard.ipynb - -p target '' -p start '2025-01-01'
      -p end '2025-12-31' -p fixed_date 'false'
    deps:
    - path: ../data/published/
      hash: md5
      md5: b852957dd1d23c2ecc72af2c2efc872c.dir
      size: 4728983
      nfiles: 16
    - path: dashboard.ipynb
      hash: md5
      md5: 3fd9025fc1cc482bdb15e795ae742cd4
      size: 14428
    outs:
    - path: ../src/insights/dashboard//_data/audience.json
      hash: md5
      md5: 5ff141a65fbf575d829072a4450ad243
      size: 325
    - path: ../src/insights/dashboard//_data/events.json
      hash: md5
      md5: dab8114d8b3c4f8b64f13866beeebdbb
      size: 13799
    - path: ../src/insights/dashboard//_data/participants.json
      hash: md5
      md5: 5b8ce5198a774b024b2effd8a34baa8f
      size: 3845
    - path: ../src/insights/dashboard//_data/timestamp.json
      hash: md5
      md5: 617a8d69f1d6a551e28a20cb26e193c7
      size: 69
  dashboards@q1:
    cmd: papermill --no-log-output dashboard.ipynb - -p target 'q1' -p start '2025-01-01'
      -p end '2025-03-31' -p fixed_date 'true'
    deps:
    - path: ../data/published/
      hash: md5
      md5: b852957dd1d23c2ecc72af2c2efc872c.dir
      size: 4728983
      nfiles: 16
    - path: dashboard.ipynb
      hash: md5
      md5: 3fd9025fc1cc482bdb15e795ae742cd4
      size: 14428
    outs:
    - path: ../src/insights/dashboard/q1/_data/audience.json
      hash: md5
      md5: 1ba0d13b2fa5aa40584f89e219be63ea
      size: 325
    - path: ../src/insights/dashboard/q1/_data/events.json
      hash: md5
      md5: 79f4dc7e903343bf1f812aea6ddeb15e
      size: 6539
    - path: ../src/insights/dashboard/q1/_data/participants.json
      hash: md5
      md5: 78b1fb6ce7deb87ef28f622ab0490c48
      size: 2647
    - path: ../src/insights/dashboard/q1/_data/timestamp.json
      hash: md5
      md5: 9d4e217444e3a51631ad0136589ba4b0
      size: 69
  events@dracula:
    cmd: papermill --no-log-output events.ipynb output/events.ipynb -p spektrix_event_ids
      '9001AGHDBMPJDRPSRMKLRCJGBJJMTQGDH' -p venue_postcode 'None' -p rosterfy_event_ids
      'None' -p project_ids 'recjdRJvjmX67plPM' -p venue_ids '' -p id 'dracula'
    deps:
    - path: ../data/published/ticketing/
      hash: md5
      md5: 003b9b58a6bc0833fc1ba26370bbfac7.dir
      size: 3691525
      nfiles: 3
    - path: events.ipynb
      hash: md5
      md5: f7bd8ae3cb9d18e32937c7e06ba7dc42
      size: 3591
    outs:
    - path: ../src/events/dracula/_data/event/
      hash: md5
      md5: a2eccfe818ea9cd885b9707d48f526ee.dir
      size: 11649
      nfiles: 6
  dashboards@q2:
    cmd: papermill --no-log-output dashboard.ipynb - -p target 'q2' -p start '2025-04-01'
      -p end '2025-06-30' -p fixed_date 'true'
    deps:
    - path: ../data/published/
      hash: md5
      md5: b852957dd1d23c2ecc72af2c2efc872c.dir
      size: 4728983
      nfiles: 16
    - path: dashboard.ipynb
      hash: md5
      md5: 3fd9025fc1cc482bdb15e795ae742cd4
      size: 14428
    outs:
    - path: ../src/insights/dashboard/q2/_data/audience.json
      hash: md5
      md5: 20581a49c6ffe3c8d126cffd4f9f28b7
      size: 259
    - path: ../src/insights/dashboard/q2/_data/events.json
      hash: md5
      md5: de5f1e44c568ce6fd75f9063084847c5
      size: 10975
    - path: ../src/insights/dashboard/q2/_data/participants.json
      hash: md5
      md5: 52d034996e63aa027b2c623ee24be7c0
      size: 2050
    - path: ../src/insights/dashboard/q2/_data/timestamp.json
      hash: md5
      md5: 90f48a93715841ae70111e7c9379b89f
      size: 69
  dashboards@all:
    cmd: papermill --no-log-output dashboard.ipynb - -p target 'all' -p start '2024-01-01'
      -p end '2025-12-31' -p fixed_date 'false'
    deps:
    - path: ../data/published/
      hash: md5
      md5: b852957dd1d23c2ecc72af2c2efc872c.dir
      size: 4728983
      nfiles: 16
    - path: dashboard.ipynb
      hash: md5
      md5: 3fd9025fc1cc482bdb15e795ae742cd4
      size: 14428
    outs:
    - path: ../src/insights/dashboard/all/_data/audience.json
      hash: md5
      md5: dc8641ac43c30ac086ac3563d658215f
      size: 325
    - path: ../src/insights/dashboard/all/_data/events.json
      hash: md5
      md5: 9477780e8961865468926e447dd6b8b6
      size: 14705
    - path: ../src/insights/dashboard/all/_data/participants.json
      hash: md5
      md5: f0cccbf8ed302c8db8f3ac8572795ec3
      size: 4256
    - path: ../src/insights/dashboard/all/_data/timestamp.json
      hash: md5
      md5: edb841c15337a2352a3c0217f9b27ea9
      size: 69
  programme:
    cmd: jupyter execute programme.ipynb
    deps:
    - path: ../data/published/programme/events.csv
      hash: md5
      md5: b1dcceb2ee9769ac06ad6798bbd6d1ae
      size: 608963
    - path: programme.ipynb
      hash: md5
      md5: 432e7b8467b5edbe3df593450cdcd6e6
      size: 9454
    outs:
    - path: ../src/themes/programme/_data/events/
      hash: md5
      md5: c18306a0b7f50d3e26e93e659df76fbf.dir
      size: 38210
      nfiles: 6
  events@loading-bay:
    cmd: papermill --no-log-output events.ipynb output/events.ipynb -p spektrix_event_ids
      '' -p venue_postcode 'None' -p rosterfy_event_ids '' -p project_ids '' -p venue_ids
      'rec4maUwKspPcDxNl recFYiOZvNnYDgbfk recInFDrcQ4KutUcL recIrQ1v64zKajXU1' -p
      id 'loading-bay'
    deps:
    - path: ../data/published/ticketing/
      hash: md5
      md5: 003b9b58a6bc0833fc1ba26370bbfac7.dir
      size: 3691525
      nfiles: 3
    - path: events.ipynb
      hash: md5
      md5: f7bd8ae3cb9d18e32937c7e06ba7dc42
      size: 3591
    outs:
    - path: ../src/events/loading-bay/_data/event/
      hash: md5
      md5: 903bbf935b7f86c50c66d845ea6371f2.dir
      size: 273
      nfiles: 1
  events@beacon:
    cmd: papermill --no-log-output events.ipynb output/events.ipynb -p spektrix_event_ids
      '' -p venue_postcode 'None' -p rosterfy_event_ids '' -p project_ids '' -p venue_ids
      'rec7tn1K6r85N72yc recW1DV5uXWsrUShy recea0GEE29eKCtxu recx817GdO7wmJDf6' -p
      id 'beacon'
    deps:
    - path: ../data/published/ticketing/
      hash: md5
      md5: 003b9b58a6bc0833fc1ba26370bbfac7.dir
      size: 3691525
      nfiles: 3
    - path: events.ipynb
      hash: md5
      md5: f7bd8ae3cb9d18e32937c7e06ba7dc42
      size: 3591
    outs:
    - path: ../src/events/beacon/_data/event/
      hash: md5
      md5: 1642b1e1b4ef9514b82c81739e447db6.dir
      size: 274
      nfiles: 1
