schema: '2.0'
stages:
  volunteers:
    cmd: papermill --no-log-output volunteers.ipynb output/volunteers.ipynb
    deps:
    - path: ../data/published/volunteers/checkpoints.csv
      hash: md5
      md5: 2dff6cac171c2a49692efca3a26a9fa5
      size: 36842
    - path: ../data/published/volunteers/shifts.csv
      hash: md5
      md5: 4cea4afc0cdd63109e330a02ad78cff8
      size: 167406
    - path: volunteers.ipynb
      hash: md5
      md5: 19f11445b0e04b469bc992e8b5030526
      size: 11731
    outs:
    - path: ../src/themes/volunteers/_data/people/by_demographic_age_range.csv
      hash: md5
      md5: c688dd016ef5f348b0881f07fd24c976
      size: 196
    - path: ../src/themes/volunteers/_data/people/by_geo_TOTAL.csv
      hash: md5
      md5: ef5b48e42f33b2e3cdc5cf60211b6dc7
      size: 54
    - path: ../src/themes/volunteers/_data/people/by_geo_oslaua.csv
      hash: md5
      md5: 5bc02bb3ec3d6e4e8e3c61e8cdd123f3
      size: 1424
    - path: ../src/themes/volunteers/_data/people/by_geo_osward.csv
      hash: md5
      md5: 1b84536ad9e4c2a09a4645fc6bd1719d
      size: 649
    - path: ../src/themes/volunteers/_data/people/by_geo_postcode_area.csv
      hash: md5
      md5: c8ccdd656dd8a3add37b2eeb7cb242a1
      size: 495
    - path: ../src/themes/volunteers/_data/people/checkpoints_weekly.csv
      hash: md5
      md5: 5e526e542eedd08eb1135050f96416e4
      size: 2251
    - path: ../src/themes/volunteers/_data/shifts/attended_by_week.csv
      hash: md5
      md5: 99ca0ac6ac8232d9ac426bcf814182de
      size: 1791
    - path: 
        ../src/themes/volunteers/_data/shifts/attended_cumulative_by_week.csv
      hash: md5
      md5: 18b04578b545e36aba93549a07e90166
      size: 2181
    - path: ../src/themes/volunteers/_data/shifts/hours_by_week.csv
      hash: md5
      md5: 1131be858996a24df46e87e4f1b7cf48
      size: 2635
    - path: ../src/themes/volunteers/_data/shifts/hours_cumulative_by_week.csv
      hash: md5
      md5: 2c4e6136eac2d7886e3be8bc8d591938
      size: 3172
    - path: ../src/themes/volunteers/_data/summary.json
      hash: md5
      md5: 4c6b0d05126515be392495b0de472d68
      size: 608
  ticketing:
    cmd: papermill --no-log-output ticketing.ipynb output/ticketing.ipynb
    deps:
    - path: ../data/published/ticketing/orders.csv
      hash: md5
      md5: b5cbc0bff0cbdf19a3b6c345faf0899c
      size: 6763
    - path: ../data/published/ticketing/tickets.csv
      hash: md5
      md5: 5bccb97f5c82e475a7058cb6a3e99790
      size: 15511378
    - path: ticketing.ipynb
      hash: md5
      md5: 9f8f448a8757c15a5ed3a2a9beb5dc26
      size: 23545
    outs:
    - path: ../src/themes/ticketing/_data/operational
      hash: md5
      md5: 0269605fa11db448065f30cd72e0d989.dir
      size: 14526
      nfiles: 7
  huq:
    cmd: papermill --no-log-output huq.ipynb output/huq.ipynb
    deps:
    - path: ../data/huq/footfall.long.csv.bz2
      hash: md5
      md5: 06c9cb6d30117c0c4f65fa2de23e065d
      size: 35981
    - path: ../data/huq/mastercard.csv
      hash: md5
      md5: aa7b3bf1ec47686db252b5be63887397
      size: 40835
    - path: huq.ipynb
      hash: md5
      md5: 6b478984fe9cc9be02cec9f7cafacd76
      size: 3023
    outs:
    - path: ../src/experiments/huq/_data/footfall_proxy.csv
      hash: md5
      md5: 73cb260175cc419e5840432609fc7a6e
      size: 4245
    - path: ../src/experiments/huq/_data/spend_index.csv
      hash: md5
      md5: 87b029e78530b1e2a0bb59ea3ea22289
      size: 4227
  events@rise:
    cmd: papermill --no-log-output events.ipynb output/events.ipynb -p 
      spektrix_event_ids '4801ANHPDLLRCQPPBDBQTRQJMPNKSLKPJ' -p venue_postcode 
      'BD1 1LA' -p rosterfy_event_ids '25890' -p project_ids 'recf4tPyjoXi81NDo'
      -p evaluation_categories '' -p venue_ids '' -p slug 'rise'
    deps:
    - path: ../data/published/
      hash: md5
      md5: 1b2eff447d60f4f4f87b179823d14769.dir
      size: 19443989
      nfiles: 26
    - path: ../data/published/ticketing/
      hash: md5
      md5: d933730926fbbc82bded26aeaf42b099.dir
      size: 16311351
      nfiles: 3
    - path: events.ipynb
      hash: md5
      md5: 0f8abf9380937de14fc203e71998aa60
      size: 5374
    outs:
    - path: ../src/events/rise/_data/event/
      hash: md5
      md5: d69be05e5b50058324fc4db76167d2cb.dir
      size: 19274
      nfiles: 9
  events@la-haine:
    cmd: papermill --no-log-output events.ipynb output/events.ipynb -p 
      spektrix_event_ids '4001APBPRCSHVVMHTCBMSPSJRNDMCHHLV' -p venue_postcode 
      'BD1 1JT' -p rosterfy_event_ids '26307' -p project_ids 'recYvLfpThEXGXcmn'
      -p evaluation_categories '' -p venue_ids '' -p slug 'la-haine'
    deps:
    - path: ../data/published/
      hash: md5
      md5: 1b2eff447d60f4f4f87b179823d14769.dir
      size: 19443989
      nfiles: 26
    - path: ../data/published/ticketing/
      hash: md5
      md5: d933730926fbbc82bded26aeaf42b099.dir
      size: 16311351
      nfiles: 3
    - path: events.ipynb
      hash: md5
      md5: 0f8abf9380937de14fc203e71998aa60
      size: 5374
    outs:
    - path: ../src/events/la-haine/_data/event/
      hash: md5
      md5: 99f0a165974b5f74d1742fcbebb96a22.dir
      size: 7573
      nfiles: 9
  events@les-girafes:
    cmd: papermill --no-log-output events.ipynb output/events.ipynb -p 
      spektrix_event_ids '' -p venue_postcode 'BD1 1LA' -p rosterfy_event_ids 
      '24438' -p project_ids 'recu2QievPdxr1dnH' -p evaluation_categories '' -p 
      venue_ids '' -p slug 'les-girafes'
    deps:
    - path: ../data/published/
      hash: md5
      md5: 1b2eff447d60f4f4f87b179823d14769.dir
      size: 19443989
      nfiles: 26
    - path: ../data/published/ticketing/
      hash: md5
      md5: d933730926fbbc82bded26aeaf42b099.dir
      size: 16311351
      nfiles: 3
    - path: events.ipynb
      hash: md5
      md5: 0f8abf9380937de14fc203e71998aa60
      size: 5374
    outs:
    - path: ../src/events/les-girafes/_data/event/
      hash: md5
      md5: 171cb29877aed18688b050933791478b.dir
      size: 2009
      nfiles: 5
  sustainability:
    cmd: jupyter execute sustainability.ipynb
    deps:
    - path: ../data/published/sustainability/calculations.csv
      hash: md5
      md5: 7b2de06aff067960fa602abad01f79ac
      size: 72136
    - path: sustainability.ipynb
      hash: md5
      md5: 1bd13e187287e96b65faba4969e915bf
      size: 3364
    outs:
    - path: ../src/themes/sustainability/_data/calculations/
      hash: md5
      md5: 96bf57973ebce85d5b6125712bc2cdb9.dir
      size: 175
      nfiles: 2
  events@grue:
    cmd: papermill --no-log-output events.ipynb output/events.ipynb -p 
      spektrix_event_ids '7601AHCJPTHNBCVJHLQNKQVKDRKRMLTPC' -p venue_postcode 
      'None' -p rosterfy_event_ids '26540' -p project_ids 'recoJF8kMXHloBbjt' -p
      evaluation_categories '' -p venue_ids '' -p slug 'grue'
    deps:
    - path: ../data/published/
      hash: md5
      md5: 1b2eff447d60f4f4f87b179823d14769.dir
      size: 19443989
      nfiles: 26
    - path: ../data/published/ticketing/
      hash: md5
      md5: d933730926fbbc82bded26aeaf42b099.dir
      size: 16311351
      nfiles: 3
    - path: events.ipynb
      hash: md5
      md5: 0f8abf9380937de14fc203e71998aa60
      size: 5374
    outs:
    - path: ../src/events/grue/_data/event/
      hash: md5
      md5: d262a6cd4d2aaf6aa60aa3e6640e6bd4.dir
      size: 71122
      nfiles: 9
  dashboards@live:
    cmd: papermill --no-log-output dashboard.ipynb - -p target '' -p start 
      '2023-01-01' -p end '2025-12-31' -p fixed_date 'false'
    deps:
    - path: ../data/published/
      hash: md5
      md5: 1b2eff447d60f4f4f87b179823d14769.dir
      size: 19443989
      nfiles: 26
    - path: dashboard.ipynb
      hash: md5
      md5: 7c24e469c8b10beef6aa8ee0dc73097f
      size: 20817
    - path: utils/themes/programme.py
      hash: md5
      md5: 995b823126d07e571078b0523b98a22f
      size: 3717
    outs:
    - path: ../src/insights/dashboard//_data/audience.json
      hash: md5
      md5: 7afdeee4d7dbe590739d5e22e67cf1d8
      size: 52977
    - path: ../src/insights/dashboard//_data/events.json
      hash: md5
      md5: a6f045aa2260c1b48224658118b029c5
      size: 64605
    - path: ../src/insights/dashboard//_data/otherFigures.json
      hash: md5
      md5: 7861840b59bac751bfbc1f38b6b52bed
      size: 96
    - path: ../src/insights/dashboard//_data/participants.json
      hash: md5
      md5: 8ea51eb5cdb4ebeaab7072d52fed84f5
      size: 29737
    - path: ../src/insights/dashboard//_data/projects.json
      hash: md5
      md5: f87751d60ec7fc6c88cdc2bcbdb92d8d
      size: 16642
    - path: ../src/insights/dashboard//_data/timestamp.json
      hash: md5
      md5: 6045aff838eb412b396d3af0baca163f
      size: 69
  dashboards@q1:
    cmd: papermill --no-log-output dashboard.ipynb - -p target 'q1' -p start 
      '2025-01-01' -p end '2025-03-31' -p fixed_date 'true'
    deps:
    - path: ../data/published/
      hash: md5
      md5: 1b2eff447d60f4f4f87b179823d14769.dir
      size: 19443989
      nfiles: 26
    - path: dashboard.ipynb
      hash: md5
      md5: 7c24e469c8b10beef6aa8ee0dc73097f
      size: 20817
    - path: utils/themes/programme.py
      hash: md5
      md5: 995b823126d07e571078b0523b98a22f
      size: 3717
    outs:
    - path: ../src/insights/dashboard/q1/_data/audience.json
      hash: md5
      md5: be01bce02f443071d0fb7d590be782c8
      size: 7932
    - path: ../src/insights/dashboard/q1/_data/events.json
      hash: md5
      md5: 520e4e19ba196550b3a9d9e5b2ed1e59
      size: 16565
    - path: ../src/insights/dashboard/q1/_data/otherFigures.json
      hash: md5
      md5: 99f3eb87889deaacd58d4e46f04acbce
      size: 95
    - path: ../src/insights/dashboard/q1/_data/participants.json
      hash: md5
      md5: f8a21f7b7a5a1075a68ecc8c8c6f6bb2
      size: 8047
    - path: ../src/insights/dashboard/q1/_data/projects.json
      hash: md5
      md5: 814d3f1ae7d73601e2b560f602c6f473
      size: 4519
    - path: ../src/insights/dashboard/q1/_data/timestamp.json
      hash: md5
      md5: 4893724497734368c92d309abbfe37e7
      size: 69
  events@dracula:
    cmd: papermill --no-log-output events.ipynb output/events.ipynb -p 
      spektrix_event_ids '9001AGHDBMPJDRPSRMKLRCJGBJJMTQGDH' -p venue_postcode 
      'None' -p rosterfy_event_ids 'None' -p project_ids 'recjdRJvjmX67plPM' -p 
      evaluation_categories '' -p venue_ids '' -p slug 'dracula'
    deps:
    - path: ../data/published/
      hash: md5
      md5: 1b2eff447d60f4f4f87b179823d14769.dir
      size: 19443989
      nfiles: 26
    - path: ../data/published/ticketing/
      hash: md5
      md5: d933730926fbbc82bded26aeaf42b099.dir
      size: 16311351
      nfiles: 3
    - path: events.ipynb
      hash: md5
      md5: 0f8abf9380937de14fc203e71998aa60
      size: 5374
    outs:
    - path: ../src/events/dracula/_data/event/
      hash: md5
      md5: 23a86efd97379477e5fcfd033ca85613.dir
      size: 11918
      nfiles: 8
  dashboards@q2:
    cmd: papermill --no-log-output dashboard.ipynb - -p target 'q2' -p start 
      '2025-04-01' -p end '2025-06-30' -p fixed_date 'true'
    deps:
    - path: ../data/published/
      hash: md5
      md5: 1b2eff447d60f4f4f87b179823d14769.dir
      size: 19443989
      nfiles: 26
    - path: dashboard.ipynb
      hash: md5
      md5: 7c24e469c8b10beef6aa8ee0dc73097f
      size: 20817
    - path: utils/themes/programme.py
      hash: md5
      md5: 995b823126d07e571078b0523b98a22f
      size: 3717
    outs:
    - path: ../src/insights/dashboard/q2/_data/audience.json
      hash: md5
      md5: 815a24b676d9ec9f169020aaf7525da4
      size: 24598
    - path: ../src/insights/dashboard/q2/_data/events.json
      hash: md5
      md5: ee8758c9f9bb99f0d761283cc3b4476d
      size: 37135
    - path: ../src/insights/dashboard/q2/_data/otherFigures.json
      hash: md5
      md5: 212540df463d1333c20aada81e509cdb
      size: 96
    - path: ../src/insights/dashboard/q2/_data/participants.json
      hash: md5
      md5: cdf8431454269ca9c0e2f5108b138654
      size: 18515
    - path: ../src/insights/dashboard/q2/_data/projects.json
      hash: md5
      md5: 4f1f6143875ad721ead34b6b6b01268f
      size: 9937
    - path: ../src/insights/dashboard/q2/_data/timestamp.json
      hash: md5
      md5: 3fe71c55ef9389f6a9c0fdd3a76624b3
      size: 69
  dashboards@all:
    cmd: papermill --no-log-output dashboard.ipynb - -p target 'all' -p start 
      '2024-01-01' -p end '2025-12-31' -p fixed_date 'false'
    deps:
    - path: ../data/published/
      hash: md5
      md5: dc05e9a354ae88f5e7c1dd71facade62.dir
      size: 5373106
      nfiles: 16
    - path: dashboard.ipynb
      hash: md5
      md5: 3ec4e03ecce96ba1e2011e41d17a289f
      size: 14839
    outs:
    - path: ../src/insights/dashboard/all/_data/audience.json
      hash: md5
      md5: a07937d30d887991915b89e2da6b65c4
      size: 8843
    - path: ../src/insights/dashboard/all/_data/events.json
      hash: md5
      md5: fe5087b4ff73dea80eee7cebb0561f4f
      size: 17970
    - path: ../src/insights/dashboard/all/_data/participants.json
      hash: md5
      md5: 2cd8cf2c663d5dd967a34e74bb8ff3b5
      size: 4568
    - path: ../src/insights/dashboard/all/_data/timestamp.json
      hash: md5
      md5: d0d48510bbc806eca63d9ac475874f67
      size: 69
  programme:
    cmd: jupyter execute programme.ipynb
    deps:
    - path: ../data/published/combined/programme.parquet
      hash: md5
      md5: 4d16f09ffe81eeddda719829efbcd58b
      size: 192225
    - path: ../data/published/programme/events.csv
      hash: md5
      md5: 9daacad9d31892f3ad22f0d620086c54
      size: 1685738
    - path: programme.ipynb
      hash: md5
      md5: d5dc2efa7c121bc6649751eb009a2442
      size: 10540
    - path: utils/themes/programme.py
      hash: md5
      md5: 995b823126d07e571078b0523b98a22f
      size: 3717
    outs:
    - path: ../src/themes/programme/_data/events/
      hash: md5
      md5: 93fe15e2c72b56bf9b0fb52865d03d32.dir
      size: 221688
      nfiles: 8
  events@loading-bay:
    cmd: papermill --no-log-output events.ipynb output/events.ipynb -p 
      spektrix_event_ids '' -p venue_postcode 'None' -p rosterfy_event_ids '' -p
      project_ids '' -p evaluation_categories '' -p venue_ids 'rec4maUwKspPcDxNl
      recCTkADG9VERRhxt recFYiOZvNnYDgbfk recInFDrcQ4KutUcL recIrQ1v64zKajXU1 
      recalzwrAJkBYOz8w' -p slug 'loading-bay'
    deps:
    - path: ../data/published/
      hash: md5
      md5: 1b2eff447d60f4f4f87b179823d14769.dir
      size: 19443989
      nfiles: 26
    - path: ../data/published/ticketing/
      hash: md5
      md5: d933730926fbbc82bded26aeaf42b099.dir
      size: 16311351
      nfiles: 3
    - path: events.ipynb
      hash: md5
      md5: 0f8abf9380937de14fc203e71998aa60
      size: 5374
    outs:
    - path: ../src/events/loading-bay/_data/event/
      hash: md5
      md5: b8da5e26e7c122f047eea2028d350439.dir
      size: 17082
      nfiles: 2
  events@beacon:
    cmd: papermill --no-log-output events.ipynb output/events.ipynb -p 
      spektrix_event_ids '' -p venue_postcode 'None' -p rosterfy_event_ids '' -p
      project_ids '' -p evaluation_categories '' -p venue_ids 'recx817GdO7wmJDf6
      rec7tn1K6r85N72yc recea0GEE29eKCtxu recW1DV5uXWsrUShy' -p slug 'beacon'
    deps:
    - path: ../data/published/
      hash: md5
      md5: 1b2eff447d60f4f4f87b179823d14769.dir
      size: 19443989
      nfiles: 26
    - path: ../data/published/ticketing/
      hash: md5
      md5: d933730926fbbc82bded26aeaf42b099.dir
      size: 16311351
      nfiles: 3
    - path: events.ipynb
      hash: md5
      md5: 0f8abf9380937de14fc203e71998aa60
      size: 5374
    outs:
    - path: ../src/events/beacon/_data/event/
      hash: md5
      md5: 01c0abbd24264443ea773ffe28099b1c.dir
      size: 35523
      nfiles: 2
  events@the-bradford-progress:
    cmd: papermill --no-log-output events.ipynb output/events.ipynb -p 
      spektrix_event_ids '' -p venue_postcode 'None' -p rosterfy_event_ids 
      '29424' -p project_ids 'recSACUvnIn3yCW2S' -p evaluation_categories '' -p 
      venue_ids '' -p slug 'the-bradford-progress'
    deps:
    - path: ../data/published/
      hash: md5
      md5: 1b2eff447d60f4f4f87b179823d14769.dir
      size: 19443989
      nfiles: 26
    - path: ../data/published/ticketing/
      hash: md5
      md5: d933730926fbbc82bded26aeaf42b099.dir
      size: 16311351
      nfiles: 3
    - path: events.ipynb
      hash: md5
      md5: 0f8abf9380937de14fc203e71998aa60
      size: 5374
    outs:
    - path: ../src/events/the-bradford-progress/_data/event/
      hash: md5
      md5: 880658d13b9c8205e2540c183d1cd5d8.dir
      size: 6292
      nfiles: 5
  events@woodland-tribe:
    cmd: papermill --no-log-output events.ipynb output/events.ipynb -p 
      spektrix_event_ids '13201ACQQNNPSNRJMNQRQRCSJCCGPQLHJ' -p venue_postcode 
      '' -p rosterfy_event_ids '' -p project_ids 'rec6linWPrAEi0gwr' -p 
      evaluation_categories '' -p venue_ids '' -p slug 'woodland-tribe'
    deps:
    - path: ../data/published/
      hash: md5
      md5: 1b2eff447d60f4f4f87b179823d14769.dir
      size: 19443989
      nfiles: 26
    - path: ../data/published/ticketing/
      hash: md5
      md5: d933730926fbbc82bded26aeaf42b099.dir
      size: 16311351
      nfiles: 3
    - path: events.ipynb
      hash: md5
      md5: 0f8abf9380937de14fc203e71998aa60
      size: 5374
    outs:
    - path: ../src/events/woodland-tribe/_data/event/
      hash: md5
      md5: c0ff08199fefe9106d71b707448107f8.dir
      size: 13697
      nfiles: 8
  dashboards@q3:
    cmd: papermill --no-log-output dashboard.ipynb - -p target 'q3' -p start 
      '2025-07-01' -p end '2025-09-30' -p fixed_date 'true'
    deps:
    - path: ../data/published/
      hash: md5
      md5: 1b2eff447d60f4f4f87b179823d14769.dir
      size: 19443989
      nfiles: 26
    - path: dashboard.ipynb
      hash: md5
      md5: 7c24e469c8b10beef6aa8ee0dc73097f
      size: 20817
    - path: utils/themes/programme.py
      hash: md5
      md5: 995b823126d07e571078b0523b98a22f
      size: 3717
    outs:
    - path: ../src/insights/dashboard/q3/_data/audience.json
      hash: md5
      md5: da430b774302b43fc1aba5e5d47e975d
      size: 30919
    - path: ../src/insights/dashboard/q3/_data/events.json
      hash: md5
      md5: 253f1ca5f501f5363031091f1244ef40
      size: 37356
    - path: ../src/insights/dashboard/q3/_data/otherFigures.json
      hash: md5
      md5: 477433235adece3afdf81cb77fd5db84
      size: 96
    - path: ../src/insights/dashboard/q3/_data/participants.json
      hash: md5
      md5: 9174e4e83ab725ddbd548b108866831f
      size: 19700
    - path: ../src/insights/dashboard/q3/_data/projects.json
      hash: md5
      md5: e5ef46d706dc8aea12204bf7fa7384a8
      size: 10067
    - path: ../src/insights/dashboard/q3/_data/timestamp.json
      hash: md5
      md5: 56167e3e68ffa17115bf5fb916c9b862
      size: 69
  events@film:
    cmd: papermill --no-log-output events.ipynb output/events.ipynb -p 
      spektrix_event_ids '' -p venue_postcode '' -p rosterfy_event_ids '' -p 
      project_ids '' -p evaluation_categories 'Film' -p venue_ids '' -p slug 
      'film'
    deps:
    - path: ../data/published/
      hash: md5
      md5: 1b2eff447d60f4f4f87b179823d14769.dir
      size: 19443989
      nfiles: 26
    - path: ../data/published/ticketing/
      hash: md5
      md5: d933730926fbbc82bded26aeaf42b099.dir
      size: 16311351
      nfiles: 3
    - path: events.ipynb
      hash: md5
      md5: 0f8abf9380937de14fc203e71998aa60
      size: 5374
    outs:
    - path: ../src/events/film/_data/event/
      hash: md5
      md5: b67e3546dc2cff7a16dd6bc43f6540a4.dir
      size: 6521
      nfiles: 2
  public-dashboard:
    cmd: jupyter execute public-dashboard.ipynb
    deps:
    - path: ../data/published/combined/
      hash: md5
      md5: ad1c7810728e83dd8f8275a623c6929b.dir
      size: 192225
      nfiles: 1
    - path: public-dashboard.ipynb
      hash: md5
      md5: 28c164c97781800709b96727673c9596
      size: 3182
    outs:
    - path: ../src/insights/dashboard/public/_data/graph/audiences/total.json
      hash: md5
      md5: 610dc77404bbd008baa1cecfc7e88d3d
      size: 522
    - path: ../src/insights/dashboard/public/_data/graph/events/total.json
      hash: md5
      md5: f70fe349562bae1d9884e30524b3c106
      size: 494
    - path: ../src/insights/dashboard/public/_data/graph/participants/total.json
      hash: md5
      md5: bd03970551ce8dafae034b3cf3342971
      size: 508
  digital:
    cmd: jupyter execute digital.ipynb
    deps:
    - path: ../data/published/digital/
      hash: md5
      md5: 8f675364686440f96cb12b1aaf9be985.dir
      size: 18738
      nfiles: 1
    - path: public-dashboard.ipynb
      hash: md5
      md5: 28c164c97781800709b96727673c9596
      size: 3182
    outs:
    - path: ../src/insights/digital/_data/followers/by_date.json
      hash: md5
      md5: 00b7915b77100fc4b4bda7265175f536
      size: 18509
    - path: ../src/insights/digital/_data/followers/latest.json
      hash: md5
      md5: e420c88e9fdda4eccff9d16f8a8bfd09
      size: 854
  events@contains-strong-language:
    cmd: papermill --no-log-output events.ipynb output/events.ipynb -p 
      spektrix_event_ids '64601AHJJJGRPPGBJRDJBKDBVLLBQMRLP 
      64801AJPTMMJGDJQHDKQNBCGKMVGLSGLB 65001ABJBLQTSTGTMVKPRRHSLPSVNVDBM 
      65201ACRNVHVJBDMGRPJPBKVMQHKPTNJN 65401ARRMBSGBRKRMPJDLPDLGHVCMRJJP 
      65002ASPDRDSNLPMSGLJDNVNGKQNNJKJM 65601ABJVQCQRNKJTHQGGNGBHPDGVBKKD 
      64602AQLNMGNSJPNDHMTVGPDNVRRJDRCV 65801ABDQQTPTQHTDJVCCJNHQLNRJJCBG 
      65202AGSSSKQLRKGHGMLHSDNNNSRKSGQN 64603AQQJBRKGRBTKNDCCTRVBBLMKSGPC 
      65203ARKDJGBKLPGTVQKHQGMLSCSVVCMS 66001AJSDDCKQDHCCKMMQLSPQJHHDNNSR 
      65802ATSHJMDCBCNQSPMPBSCBGMTRCNKL 65803ACDRLMMRHGGPGVKPCJPKQJNMDTMQ 
      66201ANBJCCNMNTBQVCLNSBCLHRLCHCHL 66401ABGHVCPGPCLVNGNMHHVHCCMPBDSP 
      66601AGQCGDBVSBRBPDBPSKRTDHMKTVRL 66002AMJRRKMLMKQRPHRPCNVGRCJTPPSC 
      66801AQKPRHKKGQQBTMBVQVVTVMKKQTGN 67001APKGPVRDVBKMDCRCRMPHDNRDBKDN 
      67201AVCRKQDBSGLQHRCLJQTBDLCTLNNQ 67401ALTRTTRTPTSQHLNNDTGHMDRBCNBR 
      64604ARKDSJQGBNLTJQLVLJCNNNGSJJJL 66602AKVTPDMRQBBTMRQMJTBNHPPKRKMJ 
      67601AVHPCSTMMBKTGKLCGLQQCGMMBVSK 66802ALTBGLDQGCMRJNMSJMTRHHLCHHCQ 
      66402AQSGKVVNKGTGDDCQQRVHVTCPGDRN 67602AGRNQSGNGVNNJGBCCMVRNLPVLHRN 
      67801ATCLBJSLNJHDDQMPHBVVCKNGLMHB 69201ARPJLTNJBTLLMTLRNMQHNSVKNBHM 
      69801ACHMQQPHNNNRPKGGCKPVPDJPPBTJ 70001AMJRQHDGBRNVCKLMQDNCHKHNLGPL 
      70201ADHVPVLHCVCVCTRPRPPPJCCSKTGL 69802AGMDGRMVVMRNBNDDRDCLTQTNLCBH 
      70401ASVSQQQCRPSCNRQPCKDQQQTGLMGK 70601ARTMQVDQNBCQNBNVCVCNCQVKTRPG 
      69402ARHVPHVRBNRRQVBCNDVGQPGBVNLQ 69403ADGLQNJBMTSRBPBGTHMDGNDCCSCL 
      70801ACCPCJTVQVGBDPKMJGLRTJJDDVBG 71001AGBBMCNTJHLGBJRQPPQJJCSTSQBR 
      65803ACDRLMMRHGGPGVKPCJPKQJNMDTMQ 66801AQKPRHKKGQQBTMBVQVVTVMKKQTGN' -p 
      venue_postcode '' -p rosterfy_event_ids '' -p project_ids 
      'recHt86hDKkVGecCP' -p evaluation_categories '' -p venue_ids '' -p slug 
      'contains-strong-language'
    deps:
    - path: ../data/published/
      hash: md5
      md5: 1b2eff447d60f4f4f87b179823d14769.dir
      size: 19443989
      nfiles: 26
    - path: ../data/published/ticketing/
      hash: md5
      md5: d933730926fbbc82bded26aeaf42b099.dir
      size: 16311351
      nfiles: 3
    - path: events.ipynb
      hash: md5
      md5: 0f8abf9380937de14fc203e71998aa60
      size: 5374
    outs:
    - path: ../src/events/contains-strong-language/_data/event/
      hash: md5
      md5: 0856b65777cbc703da6dc4d35269e529.dir
      size: 61891
      nfiles: 8
